PODS:
  - CryptoSwift (1.0.0)
  - SwiftProtobuf (1.5.0)

DEPENDENCIES:
  - CryptoSwift (~> 1.0.0)
  - SwiftProtobuf (~> 1.5.0)

SPEC REPOS:
  https://github.com/CocoaPods/Specs.git:
    - CryptoSwift
    - SwiftProtobuf

SPEC CHECKSUMS:
  CryptoSwift: d81eeaa59dc5a8d03720fe919a6fd07b51f7439f
  SwiftProtobuf: 241400280f912735c1e1b9fe675fdd2c6c4d42e2

PODFILE CHECKSUM: e1eb3d6ff6d3131b846b324fdec2848cd08afe77

COCOAPODS: 1.10.0
