PODS:
  - CryptoSwift (1.0.0)
  - SwiftProtobuf (1.5.0)

DEPENDENCIES:
  - CryptoSwift (~> 1.0.0)
  - SwiftProtobuf (~> 1.5.0)

SPEC REPOS:
  https://github.com/cocoapods/specs.git:
    - CryptoSwift
    - SwiftProtobuf

SPEC CHECKSUMS:
  CryptoSwift: d81eeaa59dc5a8d03720fe919a6fd07b51f7439f
  SwiftProtobuf: 241400280f912735c1e1b9fe675fdd2c6c4d42e2

PODFILE CHECKSUM: fd0c9b3261689ad4b972ca407143675015547e2d

COCOAPODS: 1.6.1
